
Microsoft Visual Studio Solution File, Format Version 12.00
# Visual Studio Version 16
VisualStudioVersion = 16.0.30114.105
MinimumVisualStudioVersion = 10.0.40219.1
Project("{9A19103F-16F7-4668-BE54-9A1E7A4F7556}") = "myProj", "myProj\myProj.csproj", "{FB3226B4-A554-4001-8408-41BC1BDD10B4}"
EndProject
Project("{FAE04EC0-301F-11D3-BF4B-00C04F79EFBC}") = "DeliveriesApp.IOS", "DeliveriesApp.IOS\DeliveriesApp.IOS.csproj", "{420431AD-D664-47D1-987E-B799A150377E}"
EndProject
Project("{FAE04EC0-301F-11D3-BF4B-00C04F79EFBC}") = "DeliveriesApp.Droid", "DeliveriesApp.Droid\DeliveriesApp.Droid.csproj", "{34F0992E-7EE9-4AF9-881E-2E04B2930CB0}"
EndProject
Project("{FAE04EC0-301F-11D3-BF4B-00C04F79EFBC}") = "DeliveryPersonApp.Android", "DeliveryPersonApp.Android\DeliveryPersonApp.Android.csproj", "{DFCC7110-8640-4E78-AC2A-CFA2255DAB7C}"
EndProject
Global
	GlobalSection(SolutionConfigurationPlatforms) = preSolution
		Debug|Any CPU = Debug|Any CPU
		Debug|iPhone = Debug|iPhone
		Debug|iPhoneSimulator = Debug|iPhoneSimulator
		Release|Any CPU = Release|Any CPU
		Release|iPhone = Release|iPhone
		Release|iPhoneSimulator = Release|iPhoneSimulator
	EndGlobalSection
	GlobalSection(ProjectConfigurationPlatforms) = postSolution
		{FB3226B4-A554-4001-8408-41BC1BDD10B4}.Debug|Any CPU.ActiveCfg = Debug|Any CPU
		{FB3226B4-A554-4001-8408-41BC1BDD10B4}.Debug|Any CPU.Build.0 = Debug|Any CPU
		{FB3226B4-A554-4001-8408-41BC1BDD10B4}.Debug|iPhone.ActiveCfg = Debug|Any CPU
		{FB3226B4-A554-4001-8408-41BC1BDD10B4}.Debug|iPhone.Build.0 = Debug|Any CPU
		{FB3226B4-A554-4001-8408-41BC1BDD10B4}.Debug|iPhoneSimulator.ActiveCfg = Debug|Any CPU
		{FB3226B4-A554-4001-8408-41BC1BDD10B4}.Debug|iPhoneSimulator.Build.0 = Debug|Any CPU
		{FB3226B4-A554-4001-8408-41BC1BDD10B4}.Release|Any CPU.ActiveCfg = Release|Any CPU
		{FB3226B4-A554-4001-8408-41BC1BDD10B4}.Release|Any CPU.Build.0 = Release|Any CPU
		{FB3226B4-A554-4001-8408-41BC1BDD10B4}.Release|iPhone.ActiveCfg = Release|Any CPU
		{FB3226B4-A554-4001-8408-41BC1BDD10B4}.Release|iPhone.Build.0 = Release|Any CPU
		{FB3226B4-A554-4001-8408-41BC1BDD10B4}.Release|iPhoneSimulator.ActiveCfg = Release|Any CPU
		{FB3226B4-A554-4001-8408-41BC1BDD10B4}.Release|iPhoneSimulator.Build.0 = Release|Any CPU
		{420431AD-D664-47D1-987E-B799A150377E}.Debug|Any CPU.ActiveCfg = Debug|iPhone
		{420431AD-D664-47D1-987E-B799A150377E}.Debug|iPhone.ActiveCfg = Debug|iPhone
		{420431AD-D664-47D1-987E-B799A150377E}.Debug|iPhone.Build.0 = Debug|iPhone
		{420431AD-D664-47D1-987E-B799A150377E}.Debug|iPhoneSimulator.ActiveCfg = Debug|iPhoneSimulator
		{420431AD-D664-47D1-987E-B799A150377E}.Debug|iPhoneSimulator.Build.0 = Debug|iPhoneSimulator
		{420431AD-D664-47D1-987E-B799A150377E}.Release|Any CPU.ActiveCfg = Release|iPhone
		{420431AD-D664-47D1-987E-B799A150377E}.Release|iPhone.ActiveCfg = Release|iPhone
		{420431AD-D664-47D1-987E-B799A150377E}.Release|iPhone.Build.0 = Release|iPhone
		{420431AD-D664-47D1-987E-B799A150377E}.Release|iPhoneSimulator.ActiveCfg = Release|iPhoneSimulator
		{420431AD-D664-47D1-987E-B799A150377E}.Release|iPhoneSimulator.Build.0 = Release|iPhoneSimulator
		{34F0992E-7EE9-4AF9-881E-2E04B2930CB0}.Debug|Any CPU.ActiveCfg = Debug|Any CPU
		{34F0992E-7EE9-4AF9-881E-2E04B2930CB0}.Debug|Any CPU.Build.0 = Debug|Any CPU
		{34F0992E-7EE9-4AF9-881E-2E04B2930CB0}.Debug|Any CPU.Deploy.0 = Debug|Any CPU
		{34F0992E-7EE9-4AF9-881E-2E04B2930CB0}.Debug|iPhone.ActiveCfg = Debug|Any CPU
		{34F0992E-7EE9-4AF9-881E-2E04B2930CB0}.Debug|iPhone.Build.0 = Debug|Any CPU
		{34F0992E-7EE9-4AF9-881E-2E04B2930CB0}.Debug|iPhone.Deploy.0 = Debug|Any CPU
		{34F0992E-7EE9-4AF9-881E-2E04B2930CB0}.Debug|iPhoneSimulator.ActiveCfg = Debug|Any CPU
		{34F0992E-7EE9-4AF9-881E-2E04B2930CB0}.Debug|iPhoneSimulator.Build.0 = Debug|Any CPU
		{34F0992E-7EE9-4AF9-881E-2E04B2930CB0}.Debug|iPhoneSimulator.Deploy.0 = Debug|Any CPU
		{34F0992E-7EE9-4AF9-881E-2E04B2930CB0}.Release|Any CPU.ActiveCfg = Release|Any CPU
		{34F0992E-7EE9-4AF9-881E-2E04B2930CB0}.Release|Any CPU.Build.0 = Release|Any CPU
		{34F0992E-7EE9-4AF9-881E-2E04B2930CB0}.Release|Any CPU.Deploy.0 = Release|Any CPU
		{34F0992E-7EE9-4AF9-881E-2E04B2930CB0}.Release|iPhone.ActiveCfg = Release|Any CPU
		{34F0992E-7EE9-4AF9-881E-2E04B2930CB0}.Release|iPhone.Build.0 = Release|Any CPU
		{34F0992E-7EE9-4AF9-881E-2E04B2930CB0}.Release|iPhone.Deploy.0 = Release|Any CPU
		{34F0992E-7EE9-4AF9-881E-2E04B2930CB0}.Release|iPhoneSimulator.ActiveCfg = Release|Any CPU
		{34F0992E-7EE9-4AF9-881E-2E04B2930CB0}.Release|iPhoneSimulator.Build.0 = Release|Any CPU
		{34F0992E-7EE9-4AF9-881E-2E04B2930CB0}.Release|iPhoneSimulator.Deploy.0 = Release|Any CPU
		{DFCC7110-8640-4E78-AC2A-CFA2255DAB7C}.Debug|Any CPU.ActiveCfg = Debug|Any CPU
		{DFCC7110-8640-4E78-AC2A-CFA2255DAB7C}.Debug|Any CPU.Build.0 = Debug|Any CPU
		{DFCC7110-8640-4E78-AC2A-CFA2255DAB7C}.Debug|Any CPU.Deploy.0 = Debug|Any CPU
		{DFCC7110-8640-4E78-AC2A-CFA2255DAB7C}.Debug|iPhone.ActiveCfg = Debug|Any CPU
		{DFCC7110-8640-4E78-AC2A-CFA2255DAB7C}.Debug|iPhone.Build.0 = Debug|Any CPU
		{DFCC7110-8640-4E78-AC2A-CFA2255DAB7C}.Debug|iPhone.Deploy.0 = Debug|Any CPU
		{DFCC7110-8640-4E78-AC2A-CFA2255DAB7C}.Debug|iPhoneSimulator.ActiveCfg = Debug|Any CPU
		{DFCC7110-8640-4E78-AC2A-CFA2255DAB7C}.Debug|iPhoneSimulator.Build.0 = Debug|Any CPU
		{DFCC7110-8640-4E78-AC2A-CFA2255DAB7C}.Debug|iPhoneSimulator.Deploy.0 = Debug|Any CPU
		{DFCC7110-8640-4E78-AC2A-CFA2255DAB7C}.Release|Any CPU.ActiveCfg = Release|Any CPU
		{DFCC7110-8640-4E78-AC2A-CFA2255DAB7C}.Release|Any CPU.Build.0 = Release|Any CPU
		{DFCC7110-8640-4E78-AC2A-CFA2255DAB7C}.Release|Any CPU.Deploy.0 = Release|Any CPU
		{DFCC7110-8640-4E78-AC2A-CFA2255DAB7C}.Release|iPhone.ActiveCfg = Release|Any CPU
		{DFCC7110-8640-4E78-AC2A-CFA2255DAB7C}.Release|iPhone.Build.0 = Release|Any CPU
		{DFCC7110-8640-4E78-AC2A-CFA2255DAB7C}.Release|iPhone.Deploy.0 = Release|Any CPU
		{DFCC7110-8640-4E78-AC2A-CFA2255DAB7C}.Release|iPhoneSimulator.ActiveCfg = Release|Any CPU
		{DFCC7110-8640-4E78-AC2A-CFA2255DAB7C}.Release|iPhoneSimulator.Build.0 = Release|Any CPU
		{DFCC7110-8640-4E78-AC2A-CFA2255DAB7C}.Release|iPhoneSimulator.Deploy.0 = Release|Any CPU
	EndGlobalSection
	GlobalSection(SolutionProperties) = preSolution
		HideSolutionNode = FALSE
	EndGlobalSection
	GlobalSection(ExtensibilityGlobals) = postSolution
		SolutionGuid = {956C21F5-ADF9-4D6B-8B88-3D59C3273B37}
	EndGlobalSection
EndGlobal
